// !$*UTF8*$!
{
	archiveVersion = 1;
	classes = {
	};
	objectVersion = 77;
	objects = {

/* Begin PBXBuildFile section */
		46FB749F2E01CAF9005FC7EB /* WidgetKit.framework in Frameworks */ = {isa = PBXBuildFile; fileRef = 46FB749E2E01CAF9005FC7EB /* WidgetKit.framework */; };
		46FB74A12E01CAF9005FC7EB /* SwiftUI.framework in Frameworks */ = {isa = PBXBuildFile; fileRef = 46FB74A02E01CAF9005FC7EB /* SwiftUI.framework */; };
		46FB74AE2E01CAFA005FC7EB /* AndareWidgetsExtension.appex in Embed Foundation Extensions */ = {isa = PBXBuildFile; fileRef = 46FB749C2E01CAF9005FC7EB /* AndareWidgetsExtension.appex */; settings = {ATTRIBUTES = (RemoveHeadersOnCopy, ); }; };
/* End PBXBuildFile section */

/* Begin PBXContainerItemProxy section */
		468BE9EB2D2961E200311D08 /* PBXContainerItemProxy */ = {
			isa = PBXContainerItemProxy;
			containerPortal = 468BE9D02D2961E100311D08 /* Project object */;
			proxyType = 1;
			remoteGlobalIDString = 468BE9D72D2961E100311D08;
			remoteInfo = Andare;
		};
		468BE9F52D2961E300311D08 /* PBXContainerItemProxy */ = {
			isa = PBXContainerItemProxy;
			containerPortal = 468BE9D02D2961E100311D08 /* Project object */;
			proxyType = 1;
			remoteGlobalIDString = 468BE9D72D2961E100311D08;
			remoteInfo = Andare;
		};
		46FB74AC2E01CAFA005FC7EB /* PBXContainerItemProxy */ = {
			isa = PBXContainerItemProxy;
			containerPortal = 468BE9D02D2961E100311D08 /* Project object */;
			proxyType = 1;
			remoteGlobalIDString = 46FB749B2E01CAF9005FC7EB;
			remoteInfo = AndareWidgetsExtension;
		};
/* End PBXContainerItemProxy section */

/* Begin PBXCopyFilesBuildPhase section */
		46FB74B32E01CAFA005FC7EB /* Embed Foundation Extensions */ = {
			isa = PBXCopyFilesBuildPhase;
			buildActionMask = 2147483647;
			dstPath = "";
			dstSubfolderSpec = 13;
			files = (
				46FB74AE2E01CAFA005FC7EB /* AndareWidgetsExtension.appex in Embed Foundation Extensions */,
			);
			name = "Embed Foundation Extensions";
			runOnlyForDeploymentPostprocessing = 0;
		};
/* End PBXCopyFilesBuildPhase section */

/* Begin PBXFileReference section */
		468BE9D82D2961E100311D08 /* Andare.app */ = {isa = PBXFileReference; explicitFileType = wrapper.application; includeInIndex = 0; path = Andare.app; sourceTree = BUILT_PRODUCTS_DIR; };
		468BE9EA2D2961E200311D08 /* AndareTests.xctest */ = {isa = PBXFileReference; explicitFileType = wrapper.cfbundle; includeInIndex = 0; path = AndareTests.xctest; sourceTree = BUILT_PRODUCTS_DIR; };
		468BE9F42D2961E300311D08 /* AndareUITests.xctest */ = {isa = PBXFileReference; explicitFileType = wrapper.cfbundle; includeInIndex = 0; path = AndareUITests.xctest; sourceTree = BUILT_PRODUCTS_DIR; };
		46FB749C2E01CAF9005FC7EB /* AndareWidgetsExtension.appex */ = {isa = PBXFileReference; explicitFileType = "wrapper.app-extension"; includeInIndex = 0; path = AndareWidgetsExtension.appex; sourceTree = BUILT_PRODUCTS_DIR; };
		46FB749E2E01CAF9005FC7EB /* WidgetKit.framework */ = {isa = PBXFileReference; lastKnownFileType = wrapper.framework; name = WidgetKit.framework; path = System/Library/Frameworks/WidgetKit.framework; sourceTree = SDKROOT; };
		46FB74A02E01CAF9005FC7EB /* SwiftUI.framework */ = {isa = PBXFileReference; lastKnownFileType = wrapper.framework; name = SwiftUI.framework; path = System/Library/Frameworks/SwiftUI.framework; sourceTree = SDKROOT; };
		46FC82F12DFDA08E00761E52 /* Andare.xctestplan */ = {isa = PBXFileReference; lastKnownFileType = text; path = Andare.xctestplan; sourceTree = "<group>"; };
/* End PBXFileReference section */

/* Begin PBXFileSystemSynchronizedBuildFileExceptionSet section */
		4662F7912DC777EF006545C1 /* Exceptions for "Andare" folder in "Andare" target */ = {
			isa = PBXFileSystemSynchronizedBuildFileExceptionSet;
			membershipExceptions = (
				Info.plist,
			);
			target = 468BE9D72D2961E100311D08 /* Andare */;
		};
		46FB74B22E01CAFA005FC7EB /* Exceptions for "AndareWidgets" folder in "AndareWidgetsExtension" target */ = {
			isa = PBXFileSystemSynchronizedBuildFileExceptionSet;
			membershipExceptions = (
				Info.plist,
			);
			target = 46FB749B2E01CAF9005FC7EB /* AndareWidgetsExtension */;
		};
		46FB74B72E01CB13005FC7EB /* Exceptions for "AndareWidgets" folder in "Andare" target */ = {
			isa = PBXFileSystemSynchronizedBuildFileExceptionSet;
			membershipExceptions = (
				RideActivityAttributes.swift,
				RideActivityWidget.swift,
			);
			target = 468BE9D72D2961E100311D08 /* Andare */;
		};
		46FB74B92E01CD54005FC7EB /* Exceptions for "Andare" folder in "AndareWidgetsExtension" target */ = {
			isa = PBXFileSystemSynchronizedBuildFileExceptionSet;
			membershipExceptions = (
				Assets.xcassets,
				Utilities/Enums.swift,
			);
			target = 46FB749B2E01CAF9005FC7EB /* AndareWidgetsExtension */;
		};
/* End PBXFileSystemSynchronizedBuildFileExceptionSet section */

/* Begin PBXFileSystemSynchronizedRootGroup section */
		468BE9DA2D2961E100311D08 /* Andare */ = {
			isa = PBXFileSystemSynchronizedRootGroup;
			exceptions = (
				4662F7912DC777EF006545C1 /* Exceptions for "Andare" folder in "Andare" target */,
				46FB74B92E01CD54005FC7EB /* Exceptions for "Andare" folder in "AndareWidgetsExtension" target */,
			);
			path = Andare;
			sourceTree = "<group>";
		};
		468BE9ED2D2961E200311D08 /* AndareTests */ = {
			isa = PBXFileSystemSynchronizedRootGroup;
			path = AndareTests;
			sourceTree = "<group>";
		};
		468BE9F72D2961E300311D08 /* AndareUITests */ = {
			isa = PBXFileSystemSynchronizedRootGroup;
			path = AndareUITests;
			sourceTree = "<group>";
		};
		46FB74A22E01CAF9005FC7EB /* AndareWidgets */ = {
			isa = PBXFileSystemSynchronizedRootGroup;
			exceptions = (
				46FB74B72E01CB13005FC7EB /* Exceptions for "AndareWidgets" folder in "Andare" target */,
				46FB74B22E01CAFA005FC7EB /* Exceptions for "AndareWidgets" folder in "AndareWidgetsExtension" target */,
			);
			path = AndareWidgets;
			sourceTree = "<group>";
		};
/* End PBXFileSystemSynchronizedRootGroup section */

/* Begin PBXFrameworksBuildPhase section */
		468BE9D52D2961E100311D08 /* Frameworks */ = {
			isa = PBXFrameworksBuildPhase;
			buildActionMask = 2147483647;
			files = (
			);
			runOnlyForDeploymentPostprocessing = 0;
		};
		468BE9E72D2961E200311D08 /* Frameworks */ = {
			isa = PBXFrameworksBuildPhase;
			buildActionMask = 2147483647;
			files = (
			);
			runOnlyForDeploymentPostprocessing = 0;
		};
		468BE9F12D2961E300311D08 /* Frameworks */ = {
			isa = PBXFrameworksBuildPhase;
			buildActionMask = 2147483647;
			files = (
			);
			runOnlyForDeploymentPostprocessing = 0;
		};
		46FB74992E01CAF9005FC7EB /* Frameworks */ = {
			isa = PBXFrameworksBuildPhase;
			buildActionMask = 2147483647;
			files = (
				46FB74A12E01CAF9005FC7EB /* SwiftUI.framework in Frameworks */,
				46FB749F2E01CAF9005FC7EB /* WidgetKit.framework in Frameworks */,
			);
			runOnlyForDeploymentPostprocessing = 0;
		};
/* End PBXFrameworksBuildPhase section */

/* Begin PBXGroup section */
		468BE9CF2D2961E100311D08 = {
			isa = PBXGroup;
			children = (
				46FC82F12DFDA08E00761E52 /* Andare.xctestplan */,
				468BE9DA2D2961E100311D08 /* Andare */,
				468BE9ED2D2961E200311D08 /* AndareTests */,
				468BE9F72D2961E300311D08 /* AndareUITests */,
				46FB74A22E01CAF9005FC7EB /* AndareWidgets */,
				46FB749D2E01CAF9005FC7EB /* Frameworks */,
				468BE9D92D2961E100311D08 /* Products */,
			);
			sourceTree = "<group>";
		};
		468BE9D92D2961E100311D08 /* Products */ = {
			isa = PBXGroup;
			children = (
				468BE9D82D2961E100311D08 /* Andare.app */,
				468BE9EA2D2961E200311D08 /* AndareTests.xctest */,
				468BE9F42D2961E300311D08 /* AndareUITests.xctest */,
				46FB749C2E01CAF9005FC7EB /* AndareWidgetsExtension.appex */,
			);
			name = Products;
			sourceTree = "<group>";
		};
		46FB749D2E01CAF9005FC7EB /* Frameworks */ = {
			isa = PBXGroup;
			children = (
				46FB749E2E01CAF9005FC7EB /* WidgetKit.framework */,
				46FB74A02E01CAF9005FC7EB /* SwiftUI.framework */,
			);
			name = Frameworks;
			sourceTree = "<group>";
		};
/* End PBXGroup section */

/* Begin PBXNativeTarget section */
		468BE9D72D2961E100311D08 /* Andare */ = {
			isa = PBXNativeTarget;
			buildConfigurationList = 468BE9FE2D2961E300311D08 /* Build configuration list for PBXNativeTarget "Andare" */;
			buildPhases = (
				468BE9D42D2961E100311D08 /* Sources */,
				468BE9D52D2961E100311D08 /* Frameworks */,
				468BE9D62D2961E100311D08 /* Resources */,
				46FB74B32E01CAFA005FC7EB /* Embed Foundation Extensions */,
			);
			buildRules = (
			);
			dependencies = (
				46FB74AD2E01CAFA005FC7EB /* PBXTargetDependency */,
			);
			fileSystemSynchronizedGroups = (
				468BE9DA2D2961E100311D08 /* Andare */,
			);
			name = Andare;
			packageProductDependencies = (
			);
			productName = Andare;
			productReference = 468BE9D82D2961E100311D08 /* Andare.app */;
			productType = "com.apple.product-type.application";
		};
		468BE9E92D2961E200311D08 /* AndareTests */ = {
			isa = PBXNativeTarget;
			buildConfigurationList = 468BEA012D2961E300311D08 /* Build configuration list for PBXNativeTarget "AndareTests" */;
			buildPhases = (
				468BE9E62D2961E200311D08 /* Sources */,
				468BE9E72D2961E200311D08 /* Frameworks */,
				468BE9E82D2961E200311D08 /* Resources */,
			);
			buildRules = (
			);
			dependencies = (
				468BE9EC2D2961E200311D08 /* PBXTargetDependency */,
			);
			fileSystemSynchronizedGroups = (
				468BE9ED2D2961E200311D08 /* AndareTests */,
			);
			name = AndareTests;
			packageProductDependencies = (
			);
			productName = AndareTests;
			productReference = 468BE9EA2D2961E200311D08 /* AndareTests.xctest */;
			productType = "com.apple.product-type.bundle.unit-test";
		};
		468BE9F32D2961E300311D08 /* AndareUITests */ = {
			isa = PBXNativeTarget;
			buildConfigurationList = 468BEA042D2961E300311D08 /* Build configuration list for PBXNativeTarget "AndareUITests" */;
			buildPhases = (
				468BE9F02D2961E300311D08 /* Sources */,
				468BE9F12D2961E300311D08 /* Frameworks */,
				468BE9F22D2961E300311D08 /* Resources */,
			);
			buildRules = (
			);
			dependencies = (
				468BE9F62D2961E300311D08 /* PBXTargetDependency */,
			);
			fileSystemSynchronizedGroups = (
				468BE9F72D2961E300311D08 /* AndareUITests */,
			);
			name = AndareUITests;
			packageProductDependencies = (
			);
			productName = AndareUITests;
			productReference = 468BE9F42D2961E300311D08 /* AndareUITests.xctest */;
			productType = "com.apple.product-type.bundle.ui-testing";
		};
		46FB749B2E01CAF9005FC7EB /* AndareWidgetsExtension */ = {
			isa = PBXNativeTarget;
			buildConfigurationList = 46FB74AF2E01CAFA005FC7EB /* Build configuration list for PBXNativeTarget "AndareWidgetsExtension" */;
			buildPhases = (
				46FB74982E01CAF9005FC7EB /* Sources */,
				46FB74992E01CAF9005FC7EB /* Frameworks */,
				46FB749A2E01CAF9005FC7EB /* Resources */,
			);
			buildRules = (
			);
			dependencies = (
			);
			fileSystemSynchronizedGroups = (
				46FB74A22E01CAF9005FC7EB /* AndareWidgets */,
			);
			name = AndareWidgetsExtension;
			packageProductDependencies = (
			);
			productName = AndareWidgetsExtension;
			productReference = 46FB749C2E01CAF9005FC7EB /* AndareWidgetsExtension.appex */;
			productType = "com.apple.product-type.app-extension";
		};
/* End PBXNativeTarget section */

/* Begin PBXProject section */
		468BE9D02D2961E100311D08 /* Project object */ = {
			isa = PBXProject;
			attributes = {
				BuildIndependentTargetsInParallel = 1;
				LastSwiftUpdateCheck = 1640;
				LastUpgradeCheck = 1630;
				TargetAttributes = {
					468BE9D72D2961E100311D08 = {
						CreatedOnToolsVersion = 16.2;
					};
					468BE9E92D2961E200311D08 = {
						CreatedOnToolsVersion = 16.2;
						TestTargetID = 468BE9D72D2961E100311D08;
					};
					468BE9F32D2961E300311D08 = {
						CreatedOnToolsVersion = 16.2;
						TestTargetID = 468BE9D72D2961E100311D08;
					};
					46FB749B2E01CAF9005FC7EB = {
						CreatedOnToolsVersion = 16.4;
					};
				};
			};
			buildConfigurationList = 468BE9D32D2961E100311D08 /* Build configuration list for PBXProject "Andare" */;
			developmentRegion = en;
			hasScannedForEncodings = 0;
			knownRegions = (
				en,
				Base,
			);
			mainGroup = 468BE9CF2D2961E100311D08;
			minimizedProjectReferenceProxies = 1;
			preferredProjectObjectVersion = 77;
			productRefGroup = 468BE9D92D2961E100311D08 /* Products */;
			projectDirPath = "";
			projectRoot = "";
			targets = (
				468BE9D72D2961E100311D08 /* Andare */,
				468BE9E92D2961E200311D08 /* AndareTests */,
				468BE9F32D2961E300311D08 /* AndareUITests */,
				46FB749B2E01CAF9005FC7EB /* AndareWidgetsExtension */,
			);
		};
/* End PBXProject section */

/* Begin PBXResourcesBuildPhase section */
		468BE9D62D2961E100311D08 /* Resources */ = {
			isa = PBXResourcesBuildPhase;
			buildActionMask = 2147483647;
			files = (
			);
			runOnlyForDeploymentPostprocessing = 0;
		};
		468BE9E82D2961E200311D08 /* Resources */ = {
			isa = PBXResourcesBuildPhase;
			buildActionMask = 2147483647;
			files = (
			);
			runOnlyForDeploymentPostprocessing = 0;
		};
		468BE9F22D2961E300311D08 /* Resources */ = {
			isa = PBXResourcesBuildPhase;
			buildActionMask = 2147483647;
			files = (
			);
			runOnlyForDeploymentPostprocessing = 0;
		};
		46FB749A2E01CAF9005FC7EB /* Resources */ = {
			isa = PBXResourcesBuildPhase;
			buildActionMask = 2147483647;
			files = (
			);
			runOnlyForDeploymentPostprocessing = 0;
		};
/* End PBXResourcesBuildPhase section */

/* Begin PBXSourcesBuildPhase section */
		468BE9D42D2961E100311D08 /* Sources */ = {
			isa = PBXSourcesBuildPhase;
			buildActionMask = 2147483647;
			files = (
			);
			runOnlyForDeploymentPostprocessing = 0;
		};
		468BE9E62D2961E200311D08 /* Sources */ = {
			isa = PBXSourcesBuildPhase;
			buildActionMask = 2147483647;
			files = (
			);
			runOnlyForDeploymentPostprocessing = 0;
		};
		468BE9F02D2961E300311D08 /* Sources */ = {
			isa = PBXSourcesBuildPhase;
			buildActionMask = 2147483647;
			files = (
			);
			runOnlyForDeploymentPostprocessing = 0;
		};
		46FB74982E01CAF9005FC7EB /* Sources */ = {
			isa = PBXSourcesBuildPhase;
			buildActionMask = 2147483647;
			files = (
			);
			runOnlyForDeploymentPostprocessing = 0;
		};
/* End PBXSourcesBuildPhase section */

/* Begin PBXTargetDependency section */
		468BE9EC2D2961E200311D08 /* PBXTargetDependency */ = {
			isa = PBXTargetDependency;
			target = 468BE9D72D2961E100311D08 /* Andare */;
			targetProxy = 468BE9EB2D2961E200311D08 /* PBXContainerItemProxy */;
		};
		468BE9F62D2961E300311D08 /* PBXTargetDependency */ = {
			isa = PBXTargetDependency;
			target = 468BE9D72D2961E100311D08 /* Andare */;
			targetProxy = 468BE9F52D2961E300311D08 /* PBXContainerItemProxy */;
		};
		46FB74AD2E01CAFA005FC7EB /* PBXTargetDependency */ = {
			isa = PBXTargetDependency;
			target = 46FB749B2E01CAF9005FC7EB /* AndareWidgetsExtension */;
			targetProxy = 46FB74AC2E01CAFA005FC7EB /* PBXContainerItemProxy */;
		};
/* End PBXTargetDependency section */

/* Begin XCBuildConfiguration section */
		468BE9FC2D2961E300311D08 /* Debug */ = {
			isa = XCBuildConfiguration;
			buildSettings = {
				ALWAYS_SEARCH_USER_PATHS = NO;
				ASSETCATALOG_COMPILER_GENERATE_SWIFT_ASSET_SYMBOL_EXTENSIONS = YES;
				CLANG_ANALYZER_NONNULL = YES;
				CLANG_ANALYZER_NUMBER_OBJECT_CONVERSION = YES_AGGRESSIVE;
				CLANG_CXX_LANGUAGE_STANDARD = "gnu++20";
				CLANG_ENABLE_MODULES = YES;
				CLANG_ENABLE_OBJC_ARC = YES;
				CLANG_ENABLE_OBJC_WEAK = YES;
				CLANG_WARN_BLOCK_CAPTURE_AUTORELEASING = YES;
				CLANG_WARN_BOOL_CONVERSION = YES;
				CLANG_WARN_COMMA = YES;
				CLANG_WARN_CONSTANT_CONVERSION = YES;
				CLANG_WARN_DEPRECATED_OBJC_IMPLEMENTATIONS = YES;
				CLANG_WARN_DIRECT_OBJC_ISA_USAGE = YES_ERROR;
				CLANG_WARN_DOCUMENTATION_COMMENTS = YES;
				CLANG_WARN_EMPTY_BODY = YES;
				CLANG_WARN_ENUM_CONVERSION = YES;
				CLANG_WARN_INFINITE_RECURSION = YES;
				CLANG_WARN_INT_CONVERSION = YES;
				CLANG_WARN_NON_LITERAL_NULL_CONVERSION = YES;
				CLANG_WARN_OBJC_IMPLICIT_RETAIN_SELF = YES;
				CLANG_WARN_OBJC_LITERAL_CONVERSION = YES;
				CLANG_WARN_OBJC_ROOT_CLASS = YES_ERROR;
				CLANG_WARN_QUOTED_INCLUDE_IN_FRAMEWORK_HEADER = YES;
				CLANG_WARN_RANGE_LOOP_ANALYSIS = YES;
				CLANG_WARN_STRICT_PROTOTYPES = YES;
				CLANG_WARN_SUSPICIOUS_MOVE = YES;
				CLANG_WARN_UNGUARDED_AVAILABILITY = YES_AGGRESSIVE;
				CLANG_WARN_UNREACHABLE_CODE = YES;
				CLANG_WARN__DUPLICATE_METHOD_MATCH = YES;
				COPY_PHASE_STRIP = NO;
				DEBUG_INFORMATION_FORMAT = dwarf;
				DEVELOPMENT_TEAM = W4CS6B2HLS;
				ENABLE_STRICT_OBJC_MSGSEND = YES;
				ENABLE_TESTABILITY = YES;
				ENABLE_USER_SCRIPT_SANDBOXING = YES;
				GCC_C_LANGUAGE_STANDARD = gnu17;
				GCC_DYNAMIC_NO_PIC = NO;
				GCC_NO_COMMON_BLOCKS = YES;
				GCC_OPTIMIZATION_LEVEL = 0;
				GCC_PREPROCESSOR_DEFINITIONS = (
					"DEBUG=1",
					"$(inherited)",
				);
				GCC_WARN_64_TO_32_BIT_CONVERSION = YES;
				GCC_WARN_ABOUT_RETURN_TYPE = YES_ERROR;
				GCC_WARN_UNDECLARED_SELECTOR = YES;
				GCC_WARN_UNINITIALIZED_AUTOS = YES_AGGRESSIVE;
				GCC_WARN_UNUSED_FUNCTION = YES;
				GCC_WARN_UNUSED_VARIABLE = YES;
				IPHONEOS_DEPLOYMENT_TARGET = 18.2;
				LOCALIZATION_PREFERS_STRING_CATALOGS = YES;
				MTL_ENABLE_DEBUG_INFO = INCLUDE_SOURCE;
				MTL_FAST_MATH = YES;
				ONLY_ACTIVE_ARCH = YES;
				SDKROOT = iphoneos;
				SWIFT_ACTIVE_COMPILATION_CONDITIONS = "DEBUG $(inherited)";
				SWIFT_OPTIMIZATION_LEVEL = "-Onone";
			};
			name = Debug;
		};
		468BE9FD2D2961E300311D08 /* Release */ = {
			isa = XCBuildConfiguration;
			buildSettings = {
				ALWAYS_SEARCH_USER_PATHS = NO;
				ASSETCATALOG_COMPILER_GENERATE_SWIFT_ASSET_SYMBOL_EXTENSIONS = YES;
				CLANG_ANALYZER_NONNULL = YES;
				CLANG_ANALYZER_NUMBER_OBJECT_CONVERSION = YES_AGGRESSIVE;
				CLANG_CXX_LANGUAGE_STANDARD = "gnu++20";
				CLANG_ENABLE_MODULES = YES;
				CLANG_ENABLE_OBJC_ARC = YES;
				CLANG_ENABLE_OBJC_WEAK = YES;
				CLANG_WARN_BLOCK_CAPTURE_AUTORELEASING = YES;
				CLANG_WARN_BOOL_CONVERSION = YES;
				CLANG_WARN_COMMA = YES;
				CLANG_WARN_CONSTANT_CONVERSION = YES;
				CLANG_WARN_DEPRECATED_OBJC_IMPLEMENTATIONS = YES;
				CLANG_WARN_DIRECT_OBJC_ISA_USAGE = YES_ERROR;
				CLANG_WARN_DOCUMENTATION_COMMENTS = YES;
				CLANG_WARN_EMPTY_BODY = YES;
				CLANG_WARN_ENUM_CONVERSION = YES;
				CLANG_WARN_INFINITE_RECURSION = YES;
				CLANG_WARN_INT_CONVERSION = YES;
				CLANG_WARN_NON_LITERAL_NULL_CONVERSION = YES;
				CLANG_WARN_OBJC_IMPLICIT_RETAIN_SELF = YES;
				CLANG_WARN_OBJC_LITERAL_CONVERSION = YES;
				CLANG_WARN_OBJC_ROOT_CLASS = YES_ERROR;
				CLANG_WARN_QUOTED_INCLUDE_IN_FRAMEWORK_HEADER = YES;
				CLANG_WARN_RANGE_LOOP_ANALYSIS = YES;
				CLANG_WARN_STRICT_PROTOTYPES = YES;
				CLANG_WARN_SUSPICIOUS_MOVE = YES;
				CLANG_WARN_UNGUARDED_AVAILABILITY = YES_AGGRESSIVE;
				CLANG_WARN_UNREACHABLE_CODE = YES;
				CLANG_WARN__DUPLICATE_METHOD_MATCH = YES;
				COPY_PHASE_STRIP = NO;
				DEBUG_INFORMATION_FORMAT = "dwarf-with-dsym";
				DEVELOPMENT_TEAM = W4CS6B2HLS;
				ENABLE_NS_ASSERTIONS = NO;
				ENABLE_STRICT_OBJC_MSGSEND = YES;
				ENABLE_USER_SCRIPT_SANDBOXING = YES;
				GCC_C_LANGUAGE_STANDARD = gnu17;
				GCC_NO_COMMON_BLOCKS = YES;
				GCC_WARN_64_TO_32_BIT_CONVERSION = YES;
				GCC_WARN_ABOUT_RETURN_TYPE = YES_ERROR;
				GCC_WARN_UNDECLARED_SELECTOR = YES;
				GCC_WARN_UNINITIALIZED_AUTOS = YES_AGGRESSIVE;
				GCC_WARN_UNUSED_FUNCTION = YES;
				GCC_WARN_UNUSED_VARIABLE = YES;
				IPHONEOS_DEPLOYMENT_TARGET = 18.2;
				LOCALIZATION_PREFERS_STRING_CATALOGS = YES;
				MTL_ENABLE_DEBUG_INFO = NO;
				MTL_FAST_MATH = YES;
				SDKROOT = iphoneos;
				SWIFT_COMPILATION_MODE = wholemodule;
				VALIDATE_PRODUCT = YES;
			};
			name = Release;
		};
		468BE9FF2D2961E300311D08 /* Debug */ = {
			isa = XCBuildConfiguration;
			buildSettings = {
				ASSETCATALOG_COMPILER_APPICON_NAME = AppIcon;
				ASSETCATALOG_COMPILER_GLOBAL_ACCENT_COLOR_NAME = AccentColor;
				CODE_SIGN_ENTITLEMENTS = Andare/Andare.entitlements;
				CODE_SIGN_STYLE = Automatic;
				CURRENT_PROJECT_VERSION = 1;
				DEVELOPMENT_ASSET_PATHS = "\"Andare/Preview Content\"";
				DEVELOPMENT_TEAM = W4CS6B2HLS;
				ENABLE_PREVIEWS = YES;
				GENERATE_INFOPLIST_FILE = YES;
				INFOPLIST_FILE = Andare/Info.plist;
				INFOPLIST_KEY_LSSupportsOpeningDocumentsInPlace = YES;
				INFOPLIST_KEY_NSHealthShareUsageDescription = "Andare saves your completed workouts—including route, distance, and calories—to Apple Health. This allows you to track your fitness progress over time and contributes to your Activity Rings.";
				INFOPLIST_KEY_NSHealthUpdateUsageDescription = "To provide more accurate calorie calculations, Andare can read your body weight and height from Apple Health. This information is used only on your device and is never shared.";
				INFOPLIST_KEY_NSLocationWhenInUseUsageDescription = "Andare uses your location to track your route, distance, and speed during outdoor workouts. This allows you to see a map of your activity in the workout summary.";
				INFOPLIST_KEY_NSMotionUsageDescription = "Andare uses motion data to determine your movement activity and relative altitude for fitness tracking.";
				INFOPLIST_KEY_NSSupportsLiveActivities = YES;
				INFOPLIST_KEY_UIApplicationSceneManifest_Generation = YES;
				INFOPLIST_KEY_UIApplicationSupportsIndirectInputEvents = YES;
				INFOPLIST_KEY_UILaunchScreen_Generation = YES;
				INFOPLIST_KEY_UISupportedInterfaceOrientations_iPad = "UIInterfaceOrientationPortrait UIInterfaceOrientationPortraitUpsideDown UIInterfaceOrientationLandscapeLeft UIInterfaceOrientationLandscapeRight";
				INFOPLIST_KEY_UISupportedInterfaceOrientations_iPhone = "UIInterfaceOrientationPortrait UIInterfaceOrientationLandscapeLeft UIInterfaceOrientationLandscapeRight";
				IPHONEOS_DEPLOYMENT_TARGET = 18.0;
				LD_RUNPATH_SEARCH_PATHS = (
					"$(inherited)",
					"@executable_path/Frameworks",
				);
				MARKETING_VERSION = 1.0;
				PRODUCT_BUNDLE_IDENTIFIER = com.neg2sode.andare;
				PRODUCT_NAME = "$(TARGET_NAME)";
				SUPPORTED_PLATFORMS = "iphoneos iphonesimulator";
				SUPPORTS_MACCATALYST = NO;
				SUPPORTS_MAC_DESIGNED_FOR_IPHONE_IPAD = NO;
				SUPPORTS_XR_DESIGNED_FOR_IPHONE_IPAD = NO;
				SWIFT_EMIT_LOC_STRINGS = YES;
				SWIFT_VERSION = 5.0;
				TARGETED_DEVICE_FAMILY = 1;
			};
			name = Debug;
		};
		468BEA002D2961E300311D08 /* Release */ = {
			isa = XCBuildConfiguration;
			buildSettings = {
				ASSETCATALOG_COMPILER_APPICON_NAME = AppIcon;
				ASSETCATALOG_COMPILER_GLOBAL_ACCENT_COLOR_NAME = AccentColor;
				CODE_SIGN_ENTITLEMENTS = Andare/Andare.entitlements;
				CODE_SIGN_STYLE = Automatic;
				CURRENT_PROJECT_VERSION = 1;
				DEVELOPMENT_ASSET_PATHS = "\"Andare/Preview Content\"";
				DEVELOPMENT_TEAM = W4CS6B2HLS;
				ENABLE_PREVIEWS = YES;
				GENERATE_INFOPLIST_FILE = YES;
				INFOPLIST_FILE = Andare/Info.plist;
				INFOPLIST_KEY_LSSupportsOpeningDocumentsInPlace = YES;
				INFOPLIST_KEY_NSHealthShareUsageDescription = "Andare saves your completed workouts—including route, distance, and calories—to Apple Health. This allows you to track your fitness progress over time and contributes to your Activity Rings.";
				INFOPLIST_KEY_NSHealthUpdateUsageDescription = "To provide more accurate calorie calculations, Andare can read your body weight and height from Apple Health. This information is used only on your device and is never shared.";
				INFOPLIST_KEY_NSLocationWhenInUseUsageDescription = "Andare uses your location to track your route, distance, and speed during outdoor workouts. This allows you to see a map of your activity in the workout summary.";
				INFOPLIST_KEY_NSMotionUsageDescription = "Andare uses motion data to determine your movement activity and relative altitude for fitness tracking.";
				INFOPLIST_KEY_NSSupportsLiveActivities = YES;
				INFOPLIST_KEY_UIApplicationSceneManifest_Generation = YES;
				INFOPLIST_KEY_UIApplicationSupportsIndirectInputEvents = YES;
				INFOPLIST_KEY_UILaunchScreen_Generation = YES;
				INFOPLIST_KEY_UISupportedInterfaceOrientations_iPad = "UIInterfaceOrientationPortrait UIInterfaceOrientationPortraitUpsideDown UIInterfaceOrientationLandscapeLeft UIInterfaceOrientationLandscapeRight";
				INFOPLIST_KEY_UISupportedInterfaceOrientations_iPhone = "UIInterfaceOrientationPortrait UIInterfaceOrientationLandscapeLeft UIInterfaceOrientationLandscapeRight";
				IPHONEOS_DEPLOYMENT_TARGET = 18.0;
				LD_RUNPATH_SEARCH_PATHS = (
					"$(inherited)",
					"@executable_path/Frameworks",
				);
				MARKETING_VERSION = 1.0;
				PRODUCT_BUNDLE_IDENTIFIER = com.neg2sode.andare;
				PRODUCT_NAME = "$(TARGET_NAME)";
				SUPPORTED_PLATFORMS = "iphoneos iphonesimulator";
				SUPPORTS_MACCATALYST = NO;
				SUPPORTS_MAC_DESIGNED_FOR_IPHONE_IPAD = NO;
				SUPPORTS_XR_DESIGNED_FOR_IPHONE_IPAD = NO;
				SWIFT_EMIT_LOC_STRINGS = YES;
				SWIFT_VERSION = 5.0;
				TARGETED_DEVICE_FAMILY = 1;
			};
			name = Release;
		};
		468BEA022D2961E300311D08 /* Debug */ = {
			isa = XCBuildConfiguration;
			buildSettings = {
				BUNDLE_LOADER = "$(TEST_HOST)";
				CODE_SIGN_STYLE = Automatic;
				CURRENT_PROJECT_VERSION = 1;
				GENERATE_INFOPLIST_FILE = YES;
				IPHONEOS_DEPLOYMENT_TARGET = 18.2;
				MARKETING_VERSION = 1.0;
				PRODUCT_BUNDLE_IDENTIFIER = neg2sode.AndareTests;
				PRODUCT_NAME = "$(TARGET_NAME)";
				SWIFT_EMIT_LOC_STRINGS = NO;
				SWIFT_VERSION = 5.0;
				TARGETED_DEVICE_FAMILY = "1,2";
				TEST_HOST = "$(BUILT_PRODUCTS_DIR)/Andare.app/$(BUNDLE_EXECUTABLE_FOLDER_PATH)/Andare";
			};
			name = Debug;
		};
		468BEA032D2961E300311D08 /* Release */ = {
			isa = XCBuildConfiguration;
			buildSettings = {
				BUNDLE_LOADER = "$(TEST_HOST)";
				CODE_SIGN_STYLE = Automatic;
				CURRENT_PROJECT_VERSION = 1;
				GENERATE_INFOPLIST_FILE = YES;
				IPHONEOS_DEPLOYMENT_TARGET = 18.2;
				MARKETING_VERSION = 1.0;
				PRODUCT_BUNDLE_IDENTIFIER = neg2sode.AndareTests;
				PRODUCT_NAME = "$(TARGET_NAME)";
				SWIFT_EMIT_LOC_STRINGS = NO;
				SWIFT_VERSION = 5.0;
				TARGETED_DEVICE_FAMILY = "1,2";
				TEST_HOST = "$(BUILT_PRODUCTS_DIR)/Andare.app/$(BUNDLE_EXECUTABLE_FOLDER_PATH)/Andare";
			};
			name = Release;
		};
		468BEA052D2961E300311D08 /* Debug */ = {
			isa = XCBuildConfiguration;
			buildSettings = {
				CODE_SIGN_STYLE = Automatic;
				CURRENT_PROJECT_VERSION = 1;
				GENERATE_INFOPLIST_FILE = YES;
				MARKETING_VERSION = 1.0;
				PRODUCT_BUNDLE_IDENTIFIER = neg2sode.AndareUITests;
				PRODUCT_NAME = "$(TARGET_NAME)";
				SWIFT_EMIT_LOC_STRINGS = NO;
				SWIFT_VERSION = 5.0;
				TARGETED_DEVICE_FAMILY = "1,2";
				TEST_TARGET_NAME = Andare;
			};
			name = Debug;
		};
		468BEA062D2961E300311D08 /* Release */ = {
			isa = XCBuildConfiguration;
			buildSettings = {
				CODE_SIGN_STYLE = Automatic;
				CURRENT_PROJECT_VERSION = 1;
				GENERATE_INFOPLIST_FILE = YES;
				MARKETING_VERSION = 1.0;
				PRODUCT_BUNDLE_IDENTIFIER = neg2sode.AndareUITests;
				PRODUCT_NAME = "$(TARGET_NAME)";
				SWIFT_EMIT_LOC_STRINGS = NO;
				SWIFT_VERSION = 5.0;
				TARGETED_DEVICE_FAMILY = "1,2";
				TEST_TARGET_NAME = Andare;
			};
			name = Release;
		};
		46FB74B02E01CAFA005FC7EB /* Debug */ = {
			isa = XCBuildConfiguration;
			buildSettings = {
				ASSETCATALOG_COMPILER_GLOBAL_ACCENT_COLOR_NAME = AccentColor;
				ASSETCATALOG_COMPILER_WIDGET_BACKGROUND_COLOR_NAME = WidgetBackground;
				CODE_SIGN_STYLE = Automatic;
				CURRENT_PROJECT_VERSION = 1;
				DEVELOPMENT_TEAM = W4CS6B2HLS;
				GENERATE_INFOPLIST_FILE = YES;
				INFOPLIST_FILE = AndareWidgets/Info.plist;
				INFOPLIST_KEY_CFBundleDisplayName = AndareWidgets;
				INFOPLIST_KEY_NSHumanReadableCopyright = "";
				IPHONEOS_DEPLOYMENT_TARGET = 18.5;
				LD_RUNPATH_SEARCH_PATHS = (
					"$(inherited)",
					"@executable_path/Frameworks",
					"@executable_path/../../Frameworks",
				);
				MARKETING_VERSION = 1.0;
				PRODUCT_BUNDLE_IDENTIFIER = com.neg2sode.andare.AndareWidgets;
				PRODUCT_NAME = "$(TARGET_NAME)";
				SKIP_INSTALL = YES;
				SWIFT_EMIT_LOC_STRINGS = YES;
				SWIFT_VERSION = 5.0;
				TARGETED_DEVICE_FAMILY = "1,2";
			};
			name = Debug;
		};
		46FB74B12E01CAFA005FC7EB /* Release */ = {
			isa = XCBuildConfiguration;
			buildSettings = {
				ASSETCATALOG_COMPILER_GLOBAL_ACCENT_COLOR_NAME = AccentColor;
				ASSETCATALOG_COMPILER_WIDGET_BACKGROUND_COLOR_NAME = WidgetBackground;
				CODE_SIGN_STYLE = Automatic;
				CURRENT_PROJECT_VERSION = 1;
				DEVELOPMENT_TEAM = W4CS6B2HLS;
				GENERATE_INFOPLIST_FILE = YES;
				INFOPLIST_FILE = AndareWidgets/Info.plist;
				INFOPLIST_KEY_CFBundleDisplayName = AndareWidgets;
				INFOPLIST_KEY_NSHumanReadableCopyright = "";
				IPHONEOS_DEPLOYMENT_TARGET = 18.5;
				LD_RUNPATH_SEARCH_PATHS = (
					"$(inherited)",
					"@executable_path/Frameworks",
					"@executable_path/../../Frameworks",
				);
				MARKETING_VERSION = 1.0;
				PRODUCT_BUNDLE_IDENTIFIER = com.neg2sode.andare.AndareWidgets;
				PRODUCT_NAME = "$(TARGET_NAME)";
				SKIP_INSTALL = YES;
				SWIFT_EMIT_LOC_STRINGS = YES;
				SWIFT_VERSION = 5.0;
				TARGETED_DEVICE_FAMILY = "1,2";
			};
			name = Release;
		};
/* End XCBuildConfiguration section */

/* Begin XCConfigurationList section */
		468BE9D32D2961E100311D08 /* Build configuration list for PBXProject "Andare" */ = {
			isa = XCConfigurationList;
			buildConfigurations = (
				468BE9FC2D2961E300311D08 /* Debug */,
				468BE9FD2D2961E300311D08 /* Release */,
			);
			defaultConfigurationIsVisible = 0;
			defaultConfigurationName = Release;
		};
		468BE9FE2D2961E300311D08 /* Build configuration list for PBXNativeTarget "Andare" */ = {
			isa = XCConfigurationList;
			buildConfigurations = (
				468BE9FF2D2961E300311D08 /* Debug */,
				468BEA002D2961E300311D08 /* Release */,
			);
			defaultConfigurationIsVisible = 0;
			defaultConfigurationName = Release;
		};
		468BEA012D2961E300311D08 /* Build configuration list for PBXNativeTarget "AndareTests" */ = {
			isa = XCConfigurationList;
			buildConfigurations = (
				468BEA022D2961E300311D08 /* Debug */,
				468BEA032D2961E300311D08 /* Release */,
			);
			defaultConfigurationIsVisible = 0;
			defaultConfigurationName = Release;
		};
		468BEA042D2961E300311D08 /* Build configuration list for PBXNativeTarget "AndareUITests" */ = {
			isa = XCConfigurationList;
			buildConfigurations = (
				468BEA052D2961E300311D08 /* Debug */,
				468BEA062D2961E300311D08 /* Release */,
			);
			defaultConfigurationIsVisible = 0;
			defaultConfigurationName = Release;
		};
		46FB74AF2E01CAFA005FC7EB /* Build configuration list for PBXNativeTarget "AndareWidgetsExtension" */ = {
			isa = XCConfigurationList;
			buildConfigurations = (
				46FB74B02E01CAFA005FC7EB /* Debug */,
				46FB74B12E01CAFA005FC7EB /* Release */,
			);
			defaultConfigurationIsVisible = 0;
			defaultConfigurationName = Release;
		};
/* End XCConfigurationList section */
	};
	rootObject = 468BE9D02D2961E100311D08 /* Project object */;
}
